
Microsoft Visual Studio Solution File, Format Version 12.00
# Visual Studio Version 16
VisualStudioVersion = 16.0.31112.23
MinimumVisualStudioVersion = 10.0.40219.1
Project("{FAE04EC0-301F-11D3-BF4B-00C04F79EFBC}") = "SingletonPattern", "SingletonPattern\SingletonPattern.csproj", "{70562BD8-F76E-433C-B758-2C2436215E90}"
EndProject
Project("{FAE04EC0-301F-11D3-BF4B-00C04F79EFBC}") = "AbstractFactoryPattern", "AbstractFactoryPattern\AbstractFactoryPattern.csproj", "{104CAA3E-2B22-45AF-B0A7-1ADE36D4295C}"
EndProject
Project("{FAE04EC0-301F-11D3-BF4B-00C04F79EFBC}") = "ObserverPattern", "ObserverPattern\ObserverPattern.csproj", "{2C88B3DB-0455-44FA-B152-662EC88A1093}"
EndProject
Global
	GlobalSection(SolutionConfigurationPlatforms) = preSolution
		Debug|Any CPU = Debug|Any CPU
		Release|Any CPU = Release|Any CPU
	EndGlobalSection
	GlobalSection(ProjectConfigurationPlatforms) = postSolution
		{70562BD8-F76E-433C-B758-2C2436215E90}.Debug|Any CPU.ActiveCfg = Debug|Any CPU
		{70562BD8-F76E-433C-B758-2C2436215E90}.Debug|Any CPU.Build.0 = Debug|Any CPU
		{70562BD8-F76E-433C-B758-2C2436215E90}.Release|Any CPU.ActiveCfg = Release|Any CPU
		{70562BD8-F76E-433C-B758-2C2436215E90}.Release|Any CPU.Build.0 = Release|Any CPU
		{104CAA3E-2B22-45AF-B0A7-1ADE36D4295C}.Debug|Any CPU.ActiveCfg = Debug|Any CPU
		{104CAA3E-2B22-45AF-B0A7-1ADE36D4295C}.Debug|Any CPU.Build.0 = Debug|Any CPU
		{104CAA3E-2B22-45AF-B0A7-1ADE36D4295C}.Release|Any CPU.ActiveCfg = Release|Any CPU
		{104CAA3E-2B22-45AF-B0A7-1ADE36D4295C}.Release|Any CPU.Build.0 = Release|Any CPU
		{2C88B3DB-0455-44FA-B152-662EC88A1093}.Debug|Any CPU.ActiveCfg = Debug|Any CPU
		{2C88B3DB-0455-44FA-B152-662EC88A1093}.Debug|Any CPU.Build.0 = Debug|Any CPU
		{2C88B3DB-0455-44FA-B152-662EC88A1093}.Release|Any CPU.ActiveCfg = Release|Any CPU
		{2C88B3DB-0455-44FA-B152-662EC88A1093}.Release|Any CPU.Build.0 = Release|Any CPU
	EndGlobalSection
	GlobalSection(SolutionProperties) = preSolution
		HideSolutionNode = FALSE
	EndGlobalSection
	GlobalSection(ExtensibilityGlobals) = postSolution
		SolutionGuid = {35D29F47-C2DD-4DE5-B254-B608A4366D7B}
	EndGlobalSection
EndGlobal
