
Microsoft Visual Studio Solution File, Format Version 12.00
# Visual Studio Version 16
VisualStudioVersion = 16.0.31112.23
MinimumVisualStudioVersion = 10.0.40219.1
Project("{9A19103F-16F7-4668-BE54-9A1E7A4F7556}") = "SingletonPattern", "SingletonPattern\SingletonPattern.csproj", "{70562BD8-F76E-433C-B758-2C2436215E90}"
EndProject
Project("{9A19103F-16F7-4668-BE54-9A1E7A4F7556}") = "AbstractFactoryPattern", "AbstractFactoryPattern\AbstractFactoryPattern.csproj", "{104CAA3E-2B22-45AF-B0A7-1ADE36D4295C}"
EndProject
Project("{9A19103F-16F7-4668-BE54-9A1E7A4F7556}") = "ObserverPattern", "ObserverPattern\ObserverPattern.csproj", "{2C88B3DB-0455-44FA-B152-662EC88A1093}"
EndProject
Project("{9A19103F-16F7-4668-BE54-9A1E7A4F7556}") = "DecoratorPattern", "DecoratorPattern\DecoratorPattern.csproj", "{FE43C805-3176-481B-B6E0-4A3974E00C0E}"
EndProject
Project("{9A19103F-16F7-4668-BE54-9A1E7A4F7556}") = "AdapterPattern", "AdapterPattern\AdapterPattern.csproj", "{8D7D2FE5-BBC8-400C-B28F-85B06DE04175}"
EndProject
Project("{9A19103F-16F7-4668-BE54-9A1E7A4F7556}") = "IoС_DI_Pattern", "IoС_DI_Pattern\IoС_DI_Pattern.csproj", "{FD0F8EDE-0DF3-412E-94F2-12984A754A16}"
EndProject
Project("{9A19103F-16F7-4668-BE54-9A1E7A4F7556}") = "MediatorPattern", "MediatorPattern\MediatorPattern.csproj", "{8FE1DB6E-0CC0-46D0-B191-372A5A3A56F5}"
EndProject
Project("{FAE04EC0-301F-11D3-BF4B-00C04F79EFBC}") = "IoC_Сontainer", "IoC_Сontainer\IoC_Сontainer.csproj", "{8CFE5BD1-3740-40D2-AA7B-366FE4E404AF}"
EndProject
Global
	GlobalSection(SolutionConfigurationPlatforms) = preSolution
		Debug|Any CPU = Debug|Any CPU
		Release|Any CPU = Release|Any CPU
	EndGlobalSection
	GlobalSection(ProjectConfigurationPlatforms) = postSolution
		{70562BD8-F76E-433C-B758-2C2436215E90}.Debug|Any CPU.ActiveCfg = Debug|Any CPU
		{70562BD8-F76E-433C-B758-2C2436215E90}.Debug|Any CPU.Build.0 = Debug|Any CPU
		{70562BD8-F76E-433C-B758-2C2436215E90}.Release|Any CPU.ActiveCfg = Release|Any CPU
		{70562BD8-F76E-433C-B758-2C2436215E90}.Release|Any CPU.Build.0 = Release|Any CPU
		{104CAA3E-2B22-45AF-B0A7-1ADE36D4295C}.Debug|Any CPU.ActiveCfg = Debug|Any CPU
		{104CAA3E-2B22-45AF-B0A7-1ADE36D4295C}.Debug|Any CPU.Build.0 = Debug|Any CPU
		{104CAA3E-2B22-45AF-B0A7-1ADE36D4295C}.Release|Any CPU.ActiveCfg = Release|Any CPU
		{104CAA3E-2B22-45AF-B0A7-1ADE36D4295C}.Release|Any CPU.Build.0 = Release|Any CPU
		{2C88B3DB-0455-44FA-B152-662EC88A1093}.Debug|Any CPU.ActiveCfg = Debug|Any CPU
		{2C88B3DB-0455-44FA-B152-662EC88A1093}.Debug|Any CPU.Build.0 = Debug|Any CPU
		{2C88B3DB-0455-44FA-B152-662EC88A1093}.Release|Any CPU.ActiveCfg = Release|Any CPU
		{2C88B3DB-0455-44FA-B152-662EC88A1093}.Release|Any CPU.Build.0 = Release|Any CPU
		{FE43C805-3176-481B-B6E0-4A3974E00C0E}.Debug|Any CPU.ActiveCfg = Debug|Any CPU
		{FE43C805-3176-481B-B6E0-4A3974E00C0E}.Debug|Any CPU.Build.0 = Debug|Any CPU
		{FE43C805-3176-481B-B6E0-4A3974E00C0E}.Release|Any CPU.ActiveCfg = Release|Any CPU
		{FE43C805-3176-481B-B6E0-4A3974E00C0E}.Release|Any CPU.Build.0 = Release|Any CPU
		{8D7D2FE5-BBC8-400C-B28F-85B06DE04175}.Debug|Any CPU.ActiveCfg = Debug|Any CPU
		{8D7D2FE5-BBC8-400C-B28F-85B06DE04175}.Debug|Any CPU.Build.0 = Debug|Any CPU
		{8D7D2FE5-BBC8-400C-B28F-85B06DE04175}.Release|Any CPU.ActiveCfg = Release|Any CPU
		{8D7D2FE5-BBC8-400C-B28F-85B06DE04175}.Release|Any CPU.Build.0 = Release|Any CPU
		{FD0F8EDE-0DF3-412E-94F2-12984A754A16}.Debug|Any CPU.ActiveCfg = Debug|Any CPU
		{FD0F8EDE-0DF3-412E-94F2-12984A754A16}.Debug|Any CPU.Build.0 = Debug|Any CPU
		{FD0F8EDE-0DF3-412E-94F2-12984A754A16}.Release|Any CPU.ActiveCfg = Release|Any CPU
		{FD0F8EDE-0DF3-412E-94F2-12984A754A16}.Release|Any CPU.Build.0 = Release|Any CPU
		{8FE1DB6E-0CC0-46D0-B191-372A5A3A56F5}.Debug|Any CPU.ActiveCfg = Debug|Any CPU
		{8FE1DB6E-0CC0-46D0-B191-372A5A3A56F5}.Debug|Any CPU.Build.0 = Debug|Any CPU
		{8FE1DB6E-0CC0-46D0-B191-372A5A3A56F5}.Release|Any CPU.ActiveCfg = Release|Any CPU
		{8FE1DB6E-0CC0-46D0-B191-372A5A3A56F5}.Release|Any CPU.Build.0 = Release|Any CPU
		{8CFE5BD1-3740-40D2-AA7B-366FE4E404AF}.Debug|Any CPU.ActiveCfg = Debug|Any CPU
		{8CFE5BD1-3740-40D2-AA7B-366FE4E404AF}.Debug|Any CPU.Build.0 = Debug|Any CPU
		{8CFE5BD1-3740-40D2-AA7B-366FE4E404AF}.Release|Any CPU.ActiveCfg = Release|Any CPU
		{8CFE5BD1-3740-40D2-AA7B-366FE4E404AF}.Release|Any CPU.Build.0 = Release|Any CPU
	EndGlobalSection
	GlobalSection(SolutionProperties) = preSolution
		HideSolutionNode = FALSE
	EndGlobalSection
	GlobalSection(ExtensibilityGlobals) = postSolution
		SolutionGuid = {35D29F47-C2DD-4DE5-B254-B608A4366D7B}
	EndGlobalSection
EndGlobal
